
Microsoft Visual Studio Solution File, Format Version 11.00
# Visual Studio 2010
Project("{FAE04EC0-301F-11D3-BF4B-00C04F79EFBC}") = "iTextSharp5-Console", "iTextSharp5-Console\iTextSharp5-Console.csproj", "{7FB51370-139B-4174-80A0-2ADDA1C5895B}"
EndProject
Global
	GlobalSection(SolutionConfigurationPlatforms) = preSolution
		Debug|x86 = Debug|x86
		Release|x86 = Release|x86
	EndGlobalSection
	GlobalSection(ProjectConfigurationPlatforms) = postSolution
		{7FB51370-139B-4174-80A0-2ADDA1C5895B}.Debug|x86.ActiveCfg = Debug|x86
		{7FB51370-139B-4174-80A0-2ADDA1C5895B}.Debug|x86.Build.0 = Debug|x86
		{7FB51370-139B-4174-80A0-2ADDA1C5895B}.Release|x86.ActiveCfg = Release|x86
		{7FB51370-139B-4174-80A0-2ADDA1C5895B}.Release|x86.Build.0 = Release|x86
	EndGlobalSection
	GlobalSection(SolutionProperties) = preSolution
		HideSolutionNode = FALSE
	EndGlobalSection
EndGlobal
