
Microsoft Visual Studio Solution File, Format Version 11.00
# Visual Studio 2010
Project("{FAE04EC0-301F-11D3-BF4B-00C04F79EFBC}") = "SplitSheet", "SplitSheet\SplitSheet.csproj", "{0DDE1E27-2374-435F-9DAA-EF5C6D9F2752}"
EndProject
Project("{FAE04EC0-301F-11D3-BF4B-00C04F79EFBC}") = "SplitSheetTest", "SplitSheetTest\SplitSheetTest.csproj", "{EC598615-0BA9-4862-8B05-2126C4D075ED}"
EndProject
Project("{2150E333-8FDC-42A3-9474-1A3956D46DE8}") = "Solution Items", "Solution Items", "{20C33A66-DF36-458C-AFE5-F8C6B9988792}"
	ProjectSection(SolutionItems) = preProject
		Local.testsettings = Local.testsettings
		SplitSheet.vsmdi = SplitSheet.vsmdi
		TraceAndTestImpact.testsettings = TraceAndTestImpact.testsettings
	EndProjectSection
EndProject
Global
	GlobalSection(TestCaseManagementSettings) = postSolution
		CategoryFile = SplitSheet.vsmdi
	EndGlobalSection
	GlobalSection(SolutionConfigurationPlatforms) = preSolution
		Debug|Any CPU = Debug|Any CPU
		Debug|Mixed Platforms = Debug|Mixed Platforms
		Debug|x86 = Debug|x86
		Release|Any CPU = Release|Any CPU
		Release|Mixed Platforms = Release|Mixed Platforms
		Release|x86 = Release|x86
	EndGlobalSection
	GlobalSection(ProjectConfigurationPlatforms) = postSolution
		{0DDE1E27-2374-435F-9DAA-EF5C6D9F2752}.Debug|Any CPU.ActiveCfg = Debug|x86
		{0DDE1E27-2374-435F-9DAA-EF5C6D9F2752}.Debug|Mixed Platforms.ActiveCfg = Debug|x86
		{0DDE1E27-2374-435F-9DAA-EF5C6D9F2752}.Debug|Mixed Platforms.Build.0 = Debug|x86
		{0DDE1E27-2374-435F-9DAA-EF5C6D9F2752}.Debug|x86.ActiveCfg = Debug|x86
		{0DDE1E27-2374-435F-9DAA-EF5C6D9F2752}.Debug|x86.Build.0 = Debug|x86
		{0DDE1E27-2374-435F-9DAA-EF5C6D9F2752}.Release|Any CPU.ActiveCfg = Release|x86
		{0DDE1E27-2374-435F-9DAA-EF5C6D9F2752}.Release|Mixed Platforms.ActiveCfg = Release|x86
		{0DDE1E27-2374-435F-9DAA-EF5C6D9F2752}.Release|Mixed Platforms.Build.0 = Release|x86
		{0DDE1E27-2374-435F-9DAA-EF5C6D9F2752}.Release|x86.ActiveCfg = Release|x86
		{0DDE1E27-2374-435F-9DAA-EF5C6D9F2752}.Release|x86.Build.0 = Release|x86
		{EC598615-0BA9-4862-8B05-2126C4D075ED}.Debug|Any CPU.ActiveCfg = Debug|Any CPU
		{EC598615-0BA9-4862-8B05-2126C4D075ED}.Debug|Any CPU.Build.0 = Debug|Any CPU
		{EC598615-0BA9-4862-8B05-2126C4D075ED}.Debug|Mixed Platforms.ActiveCfg = Debug|Any CPU
		{EC598615-0BA9-4862-8B05-2126C4D075ED}.Debug|Mixed Platforms.Build.0 = Debug|Any CPU
		{EC598615-0BA9-4862-8B05-2126C4D075ED}.Debug|x86.ActiveCfg = Debug|Any CPU
		{EC598615-0BA9-4862-8B05-2126C4D075ED}.Release|Any CPU.ActiveCfg = Release|Any CPU
		{EC598615-0BA9-4862-8B05-2126C4D075ED}.Release|Any CPU.Build.0 = Release|Any CPU
		{EC598615-0BA9-4862-8B05-2126C4D075ED}.Release|Mixed Platforms.ActiveCfg = Release|Any CPU
		{EC598615-0BA9-4862-8B05-2126C4D075ED}.Release|Mixed Platforms.Build.0 = Release|Any CPU
		{EC598615-0BA9-4862-8B05-2126C4D075ED}.Release|x86.ActiveCfg = Release|Any CPU
	EndGlobalSection
	GlobalSection(SolutionProperties) = preSolution
		HideSolutionNode = FALSE
	EndGlobalSection
EndGlobal
