
Microsoft Visual Studio Solution File, Format Version 12.00
# Visual Studio 14
VisualStudioVersion = 14.0.24720.0
MinimumVisualStudioVersion = 10.0.40219.1
Project("{2150E333-8FDC-42A3-9474-1A3956D46DE8}") = "ch1", "ch1", "{CA722AFD-749A-4758-96E2-B8B4CCAD709C}"
EndProject
Project("{2150E333-8FDC-42A3-9474-1A3956D46DE8}") = "ch2", "ch2", "{448F53B8-6FD4-4438-8E64-7CCE6B122AE3}"
EndProject
Project("{2150E333-8FDC-42A3-9474-1A3956D46DE8}") = "ch3", "ch3", "{13BE8FD8-16F6-4635-B028-697921BB3BBE}"
EndProject
Project("{2150E333-8FDC-42A3-9474-1A3956D46DE8}") = "ch4", "ch4", "{5692816D-B142-4D7C-8A77-4A5CAD2DFF15}"
EndProject
Project("{2150E333-8FDC-42A3-9474-1A3956D46DE8}") = "ch5", "ch5", "{BB6536A7-6EF0-4241-94A4-D0798D8FA2EE}"
EndProject
Project("{2150E333-8FDC-42A3-9474-1A3956D46DE8}") = "ch6", "ch6", "{98D12208-B393-4B64-930B-A4D96DB4DAA3}"
EndProject
Project("{2150E333-8FDC-42A3-9474-1A3956D46DE8}") = "ch7", "ch7", "{9ACBC906-6EC7-4A26-BAD5-3611CC3C23D8}"
EndProject
Project("{2150E333-8FDC-42A3-9474-1A3956D46DE8}") = "ch8", "ch8", "{E5AE871C-FBDD-4993-A9E1-26F374FDA5CB}"
EndProject
Project("{2150E333-8FDC-42A3-9474-1A3956D46DE8}") = "ch9", "ch9", "{609A148C-5ED2-416C-A455-26CE9D4F92AD}"
EndProject
Project("{F2A71F9B-5D33-465A-A702-920D77279786}") = "list0101", "list0101\list0101.fsproj", "{5610A4D7-4FA5-47AE-9C9A-66953BF5B529}"
EndProject
Project("{F2A71F9B-5D33-465A-A702-920D77279786}") = "list0102", "list0102\list0102.fsproj", "{0D6DFD38-184D-4461-8354-9FE2D48F0371}"
EndProject
Project("{F2A71F9B-5D33-465A-A702-920D77279786}") = "list0103", "list0103\list0103.fsproj", "{B9079D71-BA86-44EB-889F-9186F9C5B3A1}"
EndProject
Project("{F2A71F9B-5D33-465A-A702-920D77279786}") = "list0104", "list0104\list0104.fsproj", "{0C5603B6-5410-4B40-8473-9A2364EF2340}"
EndProject
Project("{F2A71F9B-5D33-465A-A702-920D77279786}") = "list0105", "list0105\list0105.fsproj", "{C30B492B-8B4D-426C-8648-F4EDA86FC502}"
EndProject
Project("{F2A71F9B-5D33-465A-A702-920D77279786}") = "list0106", "list0106\list0106.fsproj", "{1206614F-C283-4A68-AD6B-94E0BB6C6F88}"
EndProject
Project("{F2A71F9B-5D33-465A-A702-920D77279786}") = "list0107", "list0107\list0107.fsproj", "{E37C00BE-4B18-474D-9822-A651BA084B67}"
EndProject
Project("{F2A71F9B-5D33-465A-A702-920D77279786}") = "list0108", "list0108\list0108.fsproj", "{84FBE38D-566F-4323-A85D-7B85EF825C69}"
EndProject
Project("{F2A71F9B-5D33-465A-A702-920D77279786}") = "list0109", "list0109\list0109.fsproj", "{A5BF826B-647C-40F0-A5BB-08F77D2F5777}"
EndProject
Project("{F2A71F9B-5D33-465A-A702-920D77279786}") = "list0110", "list0110\list0110.fsproj", "{9B5C9A03-F21E-46A2-B911-9ADD82904245}"
EndProject
Project("{F2A71F9B-5D33-465A-A702-920D77279786}") = "list0111", "list0111\list0111.fsproj", "{272B3EA3-5ACD-491B-A00D-26C2B631C2D5}"
EndProject
Project("{F2A71F9B-5D33-465A-A702-920D77279786}") = "list0112", "list0112\list0112.fsproj", "{06C6A345-02AC-4255-988A-9D1E03C84BED}"
EndProject
Project("{F2A71F9B-5D33-465A-A702-920D77279786}") = "list0113", "list0113\list0113.fsproj", "{38EED303-6FBF-4A73-A548-480F82EC4DDA}"
EndProject
Project("{F2A71F9B-5D33-465A-A702-920D77279786}") = "list0114", "list0114\list0114.fsproj", "{1B490138-E94E-46A8-B6CA-3AC99F5D8827}"
EndProject
Project("{F2A71F9B-5D33-465A-A702-920D77279786}") = "list0118", "list0118\list0118.fsproj", "{EFDC6A7B-D892-4B08-911E-5895FEC20453}"
EndProject
Project("{F2A71F9B-5D33-465A-A702-920D77279786}") = "list01-section5", "list01-section5\list01-section5.fsproj", "{D4672008-FA60-43CD-AD13-427FA8FA3B7C}"
EndProject
Global
	GlobalSection(SolutionConfigurationPlatforms) = preSolution
		Debug|Any CPU = Debug|Any CPU
		Release|Any CPU = Release|Any CPU
	EndGlobalSection
	GlobalSection(ProjectConfigurationPlatforms) = postSolution
		{5610A4D7-4FA5-47AE-9C9A-66953BF5B529}.Debug|Any CPU.ActiveCfg = Debug|Any CPU
		{5610A4D7-4FA5-47AE-9C9A-66953BF5B529}.Debug|Any CPU.Build.0 = Debug|Any CPU
		{5610A4D7-4FA5-47AE-9C9A-66953BF5B529}.Release|Any CPU.ActiveCfg = Release|Any CPU
		{5610A4D7-4FA5-47AE-9C9A-66953BF5B529}.Release|Any CPU.Build.0 = Release|Any CPU
		{0D6DFD38-184D-4461-8354-9FE2D48F0371}.Debug|Any CPU.ActiveCfg = Debug|Any CPU
		{0D6DFD38-184D-4461-8354-9FE2D48F0371}.Debug|Any CPU.Build.0 = Debug|Any CPU
		{0D6DFD38-184D-4461-8354-9FE2D48F0371}.Release|Any CPU.ActiveCfg = Release|Any CPU
		{0D6DFD38-184D-4461-8354-9FE2D48F0371}.Release|Any CPU.Build.0 = Release|Any CPU
		{B9079D71-BA86-44EB-889F-9186F9C5B3A1}.Debug|Any CPU.ActiveCfg = Debug|Any CPU
		{B9079D71-BA86-44EB-889F-9186F9C5B3A1}.Debug|Any CPU.Build.0 = Debug|Any CPU
		{B9079D71-BA86-44EB-889F-9186F9C5B3A1}.Release|Any CPU.ActiveCfg = Release|Any CPU
		{B9079D71-BA86-44EB-889F-9186F9C5B3A1}.Release|Any CPU.Build.0 = Release|Any CPU
		{0C5603B6-5410-4B40-8473-9A2364EF2340}.Debug|Any CPU.ActiveCfg = Debug|Any CPU
		{0C5603B6-5410-4B40-8473-9A2364EF2340}.Debug|Any CPU.Build.0 = Debug|Any CPU
		{0C5603B6-5410-4B40-8473-9A2364EF2340}.Release|Any CPU.ActiveCfg = Release|Any CPU
		{0C5603B6-5410-4B40-8473-9A2364EF2340}.Release|Any CPU.Build.0 = Release|Any CPU
		{C30B492B-8B4D-426C-8648-F4EDA86FC502}.Debug|Any CPU.ActiveCfg = Debug|Any CPU
		{C30B492B-8B4D-426C-8648-F4EDA86FC502}.Debug|Any CPU.Build.0 = Debug|Any CPU
		{C30B492B-8B4D-426C-8648-F4EDA86FC502}.Release|Any CPU.ActiveCfg = Release|Any CPU
		{C30B492B-8B4D-426C-8648-F4EDA86FC502}.Release|Any CPU.Build.0 = Release|Any CPU
		{1206614F-C283-4A68-AD6B-94E0BB6C6F88}.Debug|Any CPU.ActiveCfg = Debug|Any CPU
		{1206614F-C283-4A68-AD6B-94E0BB6C6F88}.Debug|Any CPU.Build.0 = Debug|Any CPU
		{1206614F-C283-4A68-AD6B-94E0BB6C6F88}.Release|Any CPU.ActiveCfg = Release|Any CPU
		{1206614F-C283-4A68-AD6B-94E0BB6C6F88}.Release|Any CPU.Build.0 = Release|Any CPU
		{E37C00BE-4B18-474D-9822-A651BA084B67}.Debug|Any CPU.ActiveCfg = Debug|Any CPU
		{E37C00BE-4B18-474D-9822-A651BA084B67}.Debug|Any CPU.Build.0 = Debug|Any CPU
		{E37C00BE-4B18-474D-9822-A651BA084B67}.Release|Any CPU.ActiveCfg = Release|Any CPU
		{E37C00BE-4B18-474D-9822-A651BA084B67}.Release|Any CPU.Build.0 = Release|Any CPU
		{84FBE38D-566F-4323-A85D-7B85EF825C69}.Debug|Any CPU.ActiveCfg = Debug|Any CPU
		{84FBE38D-566F-4323-A85D-7B85EF825C69}.Debug|Any CPU.Build.0 = Debug|Any CPU
		{84FBE38D-566F-4323-A85D-7B85EF825C69}.Release|Any CPU.ActiveCfg = Release|Any CPU
		{84FBE38D-566F-4323-A85D-7B85EF825C69}.Release|Any CPU.Build.0 = Release|Any CPU
		{A5BF826B-647C-40F0-A5BB-08F77D2F5777}.Debug|Any CPU.ActiveCfg = Debug|Any CPU
		{A5BF826B-647C-40F0-A5BB-08F77D2F5777}.Debug|Any CPU.Build.0 = Debug|Any CPU
		{A5BF826B-647C-40F0-A5BB-08F77D2F5777}.Release|Any CPU.ActiveCfg = Release|Any CPU
		{A5BF826B-647C-40F0-A5BB-08F77D2F5777}.Release|Any CPU.Build.0 = Release|Any CPU
		{9B5C9A03-F21E-46A2-B911-9ADD82904245}.Debug|Any CPU.ActiveCfg = Debug|Any CPU
		{9B5C9A03-F21E-46A2-B911-9ADD82904245}.Debug|Any CPU.Build.0 = Debug|Any CPU
		{9B5C9A03-F21E-46A2-B911-9ADD82904245}.Release|Any CPU.ActiveCfg = Release|Any CPU
		{9B5C9A03-F21E-46A2-B911-9ADD82904245}.Release|Any CPU.Build.0 = Release|Any CPU
		{272B3EA3-5ACD-491B-A00D-26C2B631C2D5}.Debug|Any CPU.ActiveCfg = Debug|Any CPU
		{272B3EA3-5ACD-491B-A00D-26C2B631C2D5}.Debug|Any CPU.Build.0 = Debug|Any CPU
		{272B3EA3-5ACD-491B-A00D-26C2B631C2D5}.Release|Any CPU.ActiveCfg = Release|Any CPU
		{272B3EA3-5ACD-491B-A00D-26C2B631C2D5}.Release|Any CPU.Build.0 = Release|Any CPU
		{06C6A345-02AC-4255-988A-9D1E03C84BED}.Debug|Any CPU.ActiveCfg = Debug|Any CPU
		{06C6A345-02AC-4255-988A-9D1E03C84BED}.Debug|Any CPU.Build.0 = Debug|Any CPU
		{06C6A345-02AC-4255-988A-9D1E03C84BED}.Release|Any CPU.ActiveCfg = Release|Any CPU
		{06C6A345-02AC-4255-988A-9D1E03C84BED}.Release|Any CPU.Build.0 = Release|Any CPU
		{38EED303-6FBF-4A73-A548-480F82EC4DDA}.Debug|Any CPU.ActiveCfg = Debug|Any CPU
		{38EED303-6FBF-4A73-A548-480F82EC4DDA}.Debug|Any CPU.Build.0 = Debug|Any CPU
		{38EED303-6FBF-4A73-A548-480F82EC4DDA}.Release|Any CPU.ActiveCfg = Release|Any CPU
		{38EED303-6FBF-4A73-A548-480F82EC4DDA}.Release|Any CPU.Build.0 = Release|Any CPU
		{1B490138-E94E-46A8-B6CA-3AC99F5D8827}.Debug|Any CPU.ActiveCfg = Debug|Any CPU
		{1B490138-E94E-46A8-B6CA-3AC99F5D8827}.Debug|Any CPU.Build.0 = Debug|Any CPU
		{1B490138-E94E-46A8-B6CA-3AC99F5D8827}.Release|Any CPU.ActiveCfg = Release|Any CPU
		{1B490138-E94E-46A8-B6CA-3AC99F5D8827}.Release|Any CPU.Build.0 = Release|Any CPU
		{EFDC6A7B-D892-4B08-911E-5895FEC20453}.Debug|Any CPU.ActiveCfg = Debug|Any CPU
		{EFDC6A7B-D892-4B08-911E-5895FEC20453}.Debug|Any CPU.Build.0 = Debug|Any CPU
		{EFDC6A7B-D892-4B08-911E-5895FEC20453}.Release|Any CPU.ActiveCfg = Release|Any CPU
		{EFDC6A7B-D892-4B08-911E-5895FEC20453}.Release|Any CPU.Build.0 = Release|Any CPU
		{D4672008-FA60-43CD-AD13-427FA8FA3B7C}.Debug|Any CPU.ActiveCfg = Debug|Any CPU
		{D4672008-FA60-43CD-AD13-427FA8FA3B7C}.Debug|Any CPU.Build.0 = Debug|Any CPU
		{D4672008-FA60-43CD-AD13-427FA8FA3B7C}.Release|Any CPU.ActiveCfg = Release|Any CPU
		{D4672008-FA60-43CD-AD13-427FA8FA3B7C}.Release|Any CPU.Build.0 = Release|Any CPU
	EndGlobalSection
	GlobalSection(SolutionProperties) = preSolution
		HideSolutionNode = FALSE
	EndGlobalSection
	GlobalSection(NestedProjects) = preSolution
		{5610A4D7-4FA5-47AE-9C9A-66953BF5B529} = {CA722AFD-749A-4758-96E2-B8B4CCAD709C}
		{0D6DFD38-184D-4461-8354-9FE2D48F0371} = {CA722AFD-749A-4758-96E2-B8B4CCAD709C}
		{B9079D71-BA86-44EB-889F-9186F9C5B3A1} = {CA722AFD-749A-4758-96E2-B8B4CCAD709C}
		{0C5603B6-5410-4B40-8473-9A2364EF2340} = {CA722AFD-749A-4758-96E2-B8B4CCAD709C}
		{C30B492B-8B4D-426C-8648-F4EDA86FC502} = {CA722AFD-749A-4758-96E2-B8B4CCAD709C}
		{1206614F-C283-4A68-AD6B-94E0BB6C6F88} = {CA722AFD-749A-4758-96E2-B8B4CCAD709C}
		{E37C00BE-4B18-474D-9822-A651BA084B67} = {CA722AFD-749A-4758-96E2-B8B4CCAD709C}
		{84FBE38D-566F-4323-A85D-7B85EF825C69} = {CA722AFD-749A-4758-96E2-B8B4CCAD709C}
		{A5BF826B-647C-40F0-A5BB-08F77D2F5777} = {CA722AFD-749A-4758-96E2-B8B4CCAD709C}
		{9B5C9A03-F21E-46A2-B911-9ADD82904245} = {CA722AFD-749A-4758-96E2-B8B4CCAD709C}
		{272B3EA3-5ACD-491B-A00D-26C2B631C2D5} = {CA722AFD-749A-4758-96E2-B8B4CCAD709C}
		{06C6A345-02AC-4255-988A-9D1E03C84BED} = {CA722AFD-749A-4758-96E2-B8B4CCAD709C}
		{38EED303-6FBF-4A73-A548-480F82EC4DDA} = {CA722AFD-749A-4758-96E2-B8B4CCAD709C}
		{1B490138-E94E-46A8-B6CA-3AC99F5D8827} = {CA722AFD-749A-4758-96E2-B8B4CCAD709C}
		{EFDC6A7B-D892-4B08-911E-5895FEC20453} = {CA722AFD-749A-4758-96E2-B8B4CCAD709C}
		{D4672008-FA60-43CD-AD13-427FA8FA3B7C} = {CA722AFD-749A-4758-96E2-B8B4CCAD709C}
	EndGlobalSection
EndGlobal
